// !$*UTF8*$!
{
	archiveVersion = 1;
	classes = {
	};
	objectVersion = 50;
	objects = {

/* Begin PBXBuildFile section */
		C8681220212C85D900DC7AC5 /* pointee.h in Headers */ = {isa = PBXBuildFile; fileRef = C868121E212C85D900DC7AC5 /* pointee.h */; settings = {ATTRIBUTES = (Public, ); }; };
		C8681227212C85F000DC7AC5 /* Main.swift in Sources */ = {isa = PBXBuildFile; fileRef = C8681226212C85F000DC7AC5 /* Main.swift */; };
		C868122F212C8D5800DC7AC5 /* main.swift in Sources */ = {isa = PBXBuildFile; fileRef = C868122E212C8D5800DC7AC5 /* main.swift */; };
		C868123A212C8EFB00DC7AC5 /* pointee.framework in Frameworks */ = {isa = PBXBuildFile; fileRef = C868121B212C85D900DC7AC5 /* pointee.framework */; };
		C8AD2DEE212D2D5F006CCC9B /* Config.xcconfig in Resources */ = {isa = PBXBuildFile; fileRef = C8AD2DEC212D2D12006CCC9B /* Config.xcconfig */; };
		C8AD2DFA212E39C7006CCC9B /* pointee_ios.h in Headers */ = {isa = PBXBuildFile; fileRef = C8AD2DF8212E39C7006CCC9B /* pointee_ios.h */; settings = {ATTRIBUTES = (Public, ); }; };
		C8AD2DFE212E39CF006CCC9B /* Main.swift in Sources */ = {isa = PBXBuildFile; fileRef = C8681226212C85F000DC7AC5 /* Main.swift */; };
/* End PBXBuildFile section */

/* Begin PBXCopyFilesBuildPhase section */
		C868122A212C8D5800DC7AC5 /* CopyFiles */ = {
			isa = PBXCopyFilesBuildPhase;
			buildActionMask = 2147483647;
			dstPath = usr/share/man/man1;
			dstSubfolderSpec = 0;
			files = (
			);
			runOnlyForDeploymentPostprocessing = 1;
		};
/* End PBXCopyFilesBuildPhase section */

/* Begin PBXFileReference section */
		C868121B212C85D900DC7AC5 /* pointee.framework */ = {isa = PBXFileReference; explicitFileType = wrapper.framework; includeInIndex = 0; path = pointee.framework; sourceTree = BUILT_PRODUCTS_DIR; };
		C868121E212C85D900DC7AC5 /* pointee.h */ = {isa = PBXFileReference; lastKnownFileType = sourcecode.c.h; path = pointee.h; sourceTree = "<group>"; };
		C868121F212C85D900DC7AC5 /* Info.plist */ = {isa = PBXFileReference; lastKnownFileType = text.plist.xml; path = Info.plist; sourceTree = "<group>"; };
		C8681226212C85F000DC7AC5 /* Main.swift */ = {isa = PBXFileReference; lastKnownFileType = sourcecode.swift; path = Main.swift; sourceTree = "<group>"; };
		C868122C212C8D5800DC7AC5 /* pointee-test */ = {isa = PBXFileReference; explicitFileType = "compiled.mach-o.executable"; includeInIndex = 0; path = "pointee-test"; sourceTree = BUILT_PRODUCTS_DIR; };
		C868122E212C8D5800DC7AC5 /* main.swift */ = {isa = PBXFileReference; lastKnownFileType = sourcecode.swift; path = main.swift; sourceTree = "<group>"; };
		C8AD2DEC212D2D12006CCC9B /* Config.xcconfig */ = {isa = PBXFileReference; lastKnownFileType = text.xcconfig; path = Config.xcconfig; sourceTree = "<group>"; };
		C8AD2DED212D2D2F006CCC9B /* module.modulemap */ = {isa = PBXFileReference; lastKnownFileType = "sourcecode.module-map"; path = module.modulemap; sourceTree = "<group>"; };
		C8AD2DF6212E39C7006CCC9B /* pointee_ios.framework */ = {isa = PBXFileReference; explicitFileType = wrapper.framework; includeInIndex = 0; path = pointee_ios.framework; sourceTree = BUILT_PRODUCTS_DIR; };
		C8AD2DF8212E39C7006CCC9B /* pointee_ios.h */ = {isa = PBXFileReference; lastKnownFileType = sourcecode.c.h; path = pointee_ios.h; sourceTree = "<group>"; };
		C8AD2DF9212E39C7006CCC9B /* Info.plist */ = {isa = PBXFileReference; lastKnownFileType = text.plist.xml; path = Info.plist; sourceTree = "<group>"; };
/* End PBXFileReference section */

/* Begin PBXFrameworksBuildPhase section */
		C8681217212C85D900DC7AC5 /* Frameworks */ = {
			isa = PBXFrameworksBuildPhase;
			buildActionMask = 2147483647;
			files = (
			);
			runOnlyForDeploymentPostprocessing = 0;
		};
		C8681229212C8D5800DC7AC5 /* Frameworks */ = {
			isa = PBXFrameworksBuildPhase;
			buildActionMask = 2147483647;
			files = (
				C868123A212C8EFB00DC7AC5 /* pointee.framework in Frameworks */,
			);
			runOnlyForDeploymentPostprocessing = 0;
		};
		C8AD2DF2212E39C7006CCC9B /* Frameworks */ = {
			isa = PBXFrameworksBuildPhase;
			buildActionMask = 2147483647;
			files = (
			);
			runOnlyForDeploymentPostprocessing = 0;
		};
/* End PBXFrameworksBuildPhase section */

/* Begin PBXGroup section */
		C8681211212C85D900DC7AC5 = {
			isa = PBXGroup;
			children = (
				C868121D212C85D900DC7AC5 /* pointee */,
				C868122D212C8D5800DC7AC5 /* pointee-test */,
				C8AD2DF7212E39C7006CCC9B /* pointee-ios */,
				C868121C212C85D900DC7AC5 /* Products */,
				C8681233212C8D7300DC7AC5 /* Frameworks */,
			);
			sourceTree = "<group>";
		};
		C868121C212C85D900DC7AC5 /* Products */ = {
			isa = PBXGroup;
			children = (
				C868121B212C85D900DC7AC5 /* pointee.framework */,
				C868122C212C8D5800DC7AC5 /* pointee-test */,
				C8AD2DF6212E39C7006CCC9B /* pointee_ios.framework */,
			);
			name = Products;
			sourceTree = "<group>";
		};
		C868121D212C85D900DC7AC5 /* pointee */ = {
			isa = PBXGroup;
			children = (
				C868121E212C85D900DC7AC5 /* pointee.h */,
				C868121F212C85D900DC7AC5 /* Info.plist */,
				C8681226212C85F000DC7AC5 /* Main.swift */,
				C8AD2DEC212D2D12006CCC9B /* Config.xcconfig */,
				C8AD2DED212D2D2F006CCC9B /* module.modulemap */,
			);
			path = pointee;
			sourceTree = "<group>";
		};
		C868122D212C8D5800DC7AC5 /* pointee-test */ = {
			isa = PBXGroup;
			children = (
				C868122E212C8D5800DC7AC5 /* main.swift */,
			);
			path = "pointee-test";
			sourceTree = "<group>";
		};
		C8681233212C8D7300DC7AC5 /* Frameworks */ = {
			isa = PBXGroup;
			children = (
			);
			name = Frameworks;
			sourceTree = "<group>";
		};
		C8AD2DF7212E39C7006CCC9B /* pointee-ios */ = {
			isa = PBXGroup;
			children = (
				C8AD2DF8212E39C7006CCC9B /* pointee_ios.h */,
				C8AD2DF9212E39C7006CCC9B /* Info.plist */,
			);
			path = "pointee-ios";
			sourceTree = "<group>";
		};
/* End PBXGroup section */

/* Begin PBXHeadersBuildPhase section */
		C8681218212C85D900DC7AC5 /* Headers */ = {
			isa = PBXHeadersBuildPhase;
			buildActionMask = 2147483647;
			files = (
				C8681220212C85D900DC7AC5 /* pointee.h in Headers */,
			);
			runOnlyForDeploymentPostprocessing = 0;
		};
		C8681241212CB37100DC7AC5 /* Headers */ = {
			isa = PBXHeadersBuildPhase;
			buildActionMask = 2147483647;
			files = (
			);
			runOnlyForDeploymentPostprocessing = 0;
		};
		C8AD2DF3212E39C7006CCC9B /* Headers */ = {
			isa = PBXHeadersBuildPhase;
			buildActionMask = 2147483647;
			files = (
				C8AD2DFA212E39C7006CCC9B /* pointee_ios.h in Headers */,
			);
			runOnlyForDeploymentPostprocessing = 0;
		};
/* End PBXHeadersBuildPhase section */

/* Begin PBXNativeTarget section */
		C868121A212C85D900DC7AC5 /* pointee */ = {
			isa = PBXNativeTarget;
			buildConfigurationList = C8681223212C85D900DC7AC5 /* Build configuration list for PBXNativeTarget "pointee" */;
			buildPhases = (
				C8681216212C85D900DC7AC5 /* Sources */,
				C8681217212C85D900DC7AC5 /* Frameworks */,
				C8681218212C85D900DC7AC5 /* Headers */,
				C8681219212C85D900DC7AC5 /* Resources */,
			);
			buildRules = (
			);
			dependencies = (
			);
			name = pointee;
			productName = pointee;
			productReference = C868121B212C85D900DC7AC5 /* pointee.framework */;
			productType = "com.apple.product-type.framework";
		};
		C868122B212C8D5800DC7AC5 /* pointee-test */ = {
			isa = PBXNativeTarget;
			buildConfigurationList = C8681230212C8D5800DC7AC5 /* Build configuration list for PBXNativeTarget "pointee-test" */;
			buildPhases = (
				C8681228212C8D5800DC7AC5 /* Sources */,
				C8681229212C8D5800DC7AC5 /* Frameworks */,
				C868122A212C8D5800DC7AC5 /* CopyFiles */,
				C8681241212CB37100DC7AC5 /* Headers */,
			);
			buildRules = (
			);
			dependencies = (
			);
			name = "pointee-test";
			productName = "pointee-test";
			productReference = C868122C212C8D5800DC7AC5 /* pointee-test */;
			productType = "com.apple.product-type.tool";
		};
		C8AD2DF5212E39C7006CCC9B /* pointee-ios */ = {
			isa = PBXNativeTarget;
			buildConfigurationList = C8AD2DFB212E39C7006CCC9B /* Build configuration list for PBXNativeTarget "pointee-ios" */;
			buildPhases = (
				C8AD2DF1212E39C7006CCC9B /* Sources */,
				C8AD2DF2212E39C7006CCC9B /* Frameworks */,
				C8AD2DF3212E39C7006CCC9B /* Headers */,
				C8AD2DF4212E39C7006CCC9B /* Resources */,
			);
			buildRules = (
			);
			dependencies = (
			);
			name = "pointee-ios";
			productName = "pointee-ios";
			productReference = C8AD2DF6212E39C7006CCC9B /* pointee_ios.framework */;
			productType = "com.apple.product-type.framework";
		};
/* End PBXNativeTarget section */

/* Begin PBXProject section */
		C8681212212C85D900DC7AC5 /* Project object */ = {
			isa = PBXProject;
			attributes = {
				LastSwiftUpdateCheck = 0940;
				LastUpgradeCheck = 0940;
				ORGANIZATIONNAME = "Zoe IAMZOE.io";
				TargetAttributes = {
					C868121A212C85D900DC7AC5 = {
						CreatedOnToolsVersion = 9.4;
						LastSwiftMigration = 0940;
					};
					C868122B212C8D5800DC7AC5 = {
						CreatedOnToolsVersion = 9.4;
					};
					C8AD2DF5212E39C7006CCC9B = {
						CreatedOnToolsVersion = 9.4;
					};
				};
			};
			buildConfigurationList = C8681215212C85D900DC7AC5 /* Build configuration list for PBXProject "pointee" */;
			compatibilityVersion = "Xcode 9.3";
			developmentRegion = en;
			hasScannedForEncodings = 0;
			knownRegions = (
				en,
			);
			mainGroup = C8681211212C85D900DC7AC5;
			productRefGroup = C868121C212C85D900DC7AC5 /* Products */;
			projectDirPath = "";
			projectRoot = "";
			targets = (
				C868121A212C85D900DC7AC5 /* pointee */,
				C868122B212C8D5800DC7AC5 /* pointee-test */,
				C8AD2DF5212E39C7006CCC9B /* pointee-ios */,
			);
		};
/* End PBXProject section */

/* Begin PBXResourcesBuildPhase section */
		C8681219212C85D900DC7AC5 /* Resources */ = {
			isa = PBXResourcesBuildPhase;
			buildActionMask = 2147483647;
			files = (
				C8AD2DEE212D2D5F006CCC9B /* Config.xcconfig in Resources */,
			);
			runOnlyForDeploymentPostprocessing = 0;
		};
		C8AD2DF4212E39C7006CCC9B /* Resources */ = {
			isa = PBXResourcesBuildPhase;
			buildActionMask = 2147483647;
			files = (
			);
			runOnlyForDeploymentPostprocessing = 0;
		};
/* End PBXResourcesBuildPhase section */

/* Begin PBXSourcesBuildPhase section */
		C8681216212C85D900DC7AC5 /* Sources */ = {
			isa = PBXSourcesBuildPhase;
			buildActionMask = 2147483647;
			files = (
				C8681227212C85F000DC7AC5 /* Main.swift in Sources */,
			);
			runOnlyForDeploymentPostprocessing = 0;
		};
		C8681228212C8D5800DC7AC5 /* Sources */ = {
			isa = PBXSourcesBuildPhase;
			buildActionMask = 2147483647;
			files = (
				C868122F212C8D5800DC7AC5 /* main.swift in Sources */,
			);
			runOnlyForDeploymentPostprocessing = 0;
		};
		C8AD2DF1212E39C7006CCC9B /* Sources */ = {
			isa = PBXSourcesBuildPhase;
			buildActionMask = 2147483647;
			files = (
				C8AD2DFE212E39CF006CCC9B /* Main.swift in Sources */,
			);
			runOnlyForDeploymentPostprocessing = 0;
		};
/* End PBXSourcesBuildPhase section */

/* Begin XCBuildConfiguration section */
		C8681221212C85D900DC7AC5 /* Debug */ = {
			isa = XCBuildConfiguration;
			buildSettings = {
				ALWAYS_SEARCH_USER_PATHS = NO;
				CLANG_ANALYZER_NONNULL = YES;
				CLANG_ANALYZER_NUMBER_OBJECT_CONVERSION = YES_AGGRESSIVE;
				CLANG_CXX_LANGUAGE_STANDARD = "gnu++14";
				CLANG_CXX_LIBRARY = "libc++";
				CLANG_ENABLE_MODULES = YES;
				CLANG_ENABLE_OBJC_ARC = YES;
				CLANG_ENABLE_OBJC_WEAK = YES;
				CLANG_WARN_BLOCK_CAPTURE_AUTORELEASING = YES;
				CLANG_WARN_BOOL_CONVERSION = YES;
				CLANG_WARN_COMMA = YES;
				CLANG_WARN_CONSTANT_CONVERSION = YES;
				CLANG_WARN_DEPRECATED_OBJC_IMPLEMENTATIONS = YES;
				CLANG_WARN_DIRECT_OBJC_ISA_USAGE = YES_ERROR;
				CLANG_WARN_DOCUMENTATION_COMMENTS = YES;
				CLANG_WARN_EMPTY_BODY = YES;
				CLANG_WARN_ENUM_CONVERSION = YES;
				CLANG_WARN_INFINITE_RECURSION = YES;
				CLANG_WARN_INT_CONVERSION = YES;
				CLANG_WARN_NON_LITERAL_NULL_CONVERSION = YES;
				CLANG_WARN_OBJC_IMPLICIT_RETAIN_SELF = YES;
				CLANG_WARN_OBJC_LITERAL_CONVERSION = YES;
				CLANG_WARN_OBJC_ROOT_CLASS = YES_ERROR;
				CLANG_WARN_RANGE_LOOP_ANALYSIS = YES;
				CLANG_WARN_STRICT_PROTOTYPES = YES;
				CLANG_WARN_SUSPICIOUS_MOVE = YES;
				CLANG_WARN_UNGUARDED_AVAILABILITY = YES_AGGRESSIVE;
				CLANG_WARN_UNREACHABLE_CODE = YES;
				CLANG_WARN__DUPLICATE_METHOD_MATCH = YES;
				CODE_SIGN_IDENTITY = "-";
				COPY_PHASE_STRIP = NO;
				CURRENT_PROJECT_VERSION = 1;
				DEBUG_INFORMATION_FORMAT = dwarf;
				ENABLE_STRICT_OBJC_MSGSEND = YES;
				ENABLE_TESTABILITY = YES;
				GCC_C_LANGUAGE_STANDARD = gnu11;
				GCC_DYNAMIC_NO_PIC = NO;
				GCC_NO_COMMON_BLOCKS = YES;
				GCC_OPTIMIZATION_LEVEL = 0;
				GCC_PREPROCESSOR_DEFINITIONS = (
					"DEBUG=1",
					"$(inherited)",
				);
				GCC_WARN_64_TO_32_BIT_CONVERSION = YES;
				GCC_WARN_ABOUT_RETURN_TYPE = YES_ERROR;
				GCC_WARN_UNDECLARED_SELECTOR = YES;
				GCC_WARN_UNINITIALIZED_AUTOS = YES_AGGRESSIVE;
				GCC_WARN_UNUSED_FUNCTION = YES;
				GCC_WARN_UNUSED_VARIABLE = YES;
				MACOSX_DEPLOYMENT_TARGET = 10.13;
				MTL_ENABLE_DEBUG_INFO = YES;
				ONLY_ACTIVE_ARCH = YES;
				SDKROOT = macosx;
				SWIFT_ACTIVE_COMPILATION_CONDITIONS = DEBUG;
				SWIFT_OPTIMIZATION_LEVEL = "-Onone";
				VERSIONING_SYSTEM = "apple-generic";
				VERSION_INFO_PREFIX = "";
			};
			name = Debug;
		};
		C8681222212C85D900DC7AC5 /* Release */ = {
			isa = XCBuildConfiguration;
			buildSettings = {
				ALWAYS_SEARCH_USER_PATHS = NO;
				CLANG_ANALYZER_NONNULL = YES;
				CLANG_ANALYZER_NUMBER_OBJECT_CONVERSION = YES_AGGRESSIVE;
				CLANG_CXX_LANGUAGE_STANDARD = "gnu++14";
				CLANG_CXX_LIBRARY = "libc++";
				CLANG_ENABLE_MODULES = YES;
				CLANG_ENABLE_OBJC_ARC = YES;
				CLANG_ENABLE_OBJC_WEAK = YES;
				CLANG_WARN_BLOCK_CAPTURE_AUTORELEASING = YES;
				CLANG_WARN_BOOL_CONVERSION = YES;
				CLANG_WARN_COMMA = YES;
				CLANG_WARN_CONSTANT_CONVERSION = YES;
				CLANG_WARN_DEPRECATED_OBJC_IMPLEMENTATIONS = YES;
				CLANG_WARN_DIRECT_OBJC_ISA_USAGE = YES_ERROR;
				CLANG_WARN_DOCUMENTATION_COMMENTS = YES;
				CLANG_WARN_EMPTY_BODY = YES;
				CLANG_WARN_ENUM_CONVERSION = YES;
				CLANG_WARN_INFINITE_RECURSION = YES;
				CLANG_WARN_INT_CONVERSION = YES;
				CLANG_WARN_NON_LITERAL_NULL_CONVERSION = YES;
				CLANG_WARN_OBJC_IMPLICIT_RETAIN_SELF = YES;
				CLANG_WARN_OBJC_LITERAL_CONVERSION = YES;
				CLANG_WARN_OBJC_ROOT_CLASS = YES_ERROR;
				CLANG_WARN_RANGE_LOOP_ANALYSIS = YES;
				CLANG_WARN_STRICT_PROTOTYPES = YES;
				CLANG_WARN_SUSPICIOUS_MOVE = YES;
				CLANG_WARN_UNGUARDED_AVAILABILITY = YES_AGGRESSIVE;
				CLANG_WARN_UNREACHABLE_CODE = YES;
				CLANG_WARN__DUPLICATE_METHOD_MATCH = YES;
				CODE_SIGN_IDENTITY = "-";
				COPY_PHASE_STRIP = NO;
				CURRENT_PROJECT_VERSION = 1;
				DEBUG_INFORMATION_FORMAT = "dwarf-with-dsym";
				ENABLE_NS_ASSERTIONS = NO;
				ENABLE_STRICT_OBJC_MSGSEND = YES;
				GCC_C_LANGUAGE_STANDARD = gnu11;
				GCC_NO_COMMON_BLOCKS = YES;
				GCC_WARN_64_TO_32_BIT_CONVERSION = YES;
				GCC_WARN_ABOUT_RETURN_TYPE = YES_ERROR;
				GCC_WARN_UNDECLARED_SELECTOR = YES;
				GCC_WARN_UNINITIALIZED_AUTOS = YES_AGGRESSIVE;
				GCC_WARN_UNUSED_FUNCTION = YES;
				GCC_WARN_UNUSED_VARIABLE = YES;
				MACOSX_DEPLOYMENT_TARGET = 10.13;
				MTL_ENABLE_DEBUG_INFO = NO;
				SDKROOT = macosx;
				SWIFT_COMPILATION_MODE = wholemodule;
				SWIFT_OPTIMIZATION_LEVEL = "-O";
				VERSIONING_SYSTEM = "apple-generic";
				VERSION_INFO_PREFIX = "";
			};
			name = Release;
		};
		C8681224212C85D900DC7AC5 /* Debug */ = {
			isa = XCBuildConfiguration;
			buildSettings = {
				ALWAYS_EMBED_SWIFT_STANDARD_LIBRARIES = YES;
				CLANG_ENABLE_MODULES = YES;
				CODE_SIGN_IDENTITY = "";
				CODE_SIGN_STYLE = Automatic;
				COMBINE_HIDPI_IMAGES = YES;
				DEFINES_MODULE = YES;
				DYLIB_COMPATIBILITY_VERSION = 1;
				DYLIB_CURRENT_VERSION = 1;
				DYLIB_INSTALL_NAME_BASE = "@rpath";
				FRAMEWORK_VERSION = A;
				GCC_INPUT_FILETYPE = automatic;
				INFOPLIST_FILE = pointee/Info.plist;
				INSTALL_PATH = "$(LOCAL_LIBRARY_DIR)/Frameworks";
				LD_RUNPATH_SEARCH_PATHS = (
					"$(inherited)",
					"@executable_path/../Frameworks",
					"@loader_path/Frameworks",
				);
				PRODUCT_BUNDLE_IDENTIFIER = com.zoecarver.pointee;
				PRODUCT_NAME = "$(TARGET_NAME:c99extidentifier)";
				SKIP_INSTALL = YES;
				SWIFT_INCLUDE_PATHS = "${SRCROOT}/";
				SWIFT_OPTIMIZATION_LEVEL = "-Onone";
				SWIFT_VERSION = 4.0;
			};
			name = Debug;
		};
		C8681225212C85D900DC7AC5 /* Release */ = {
			isa = XCBuildConfiguration;
			buildSettings = {
				ALWAYS_EMBED_SWIFT_STANDARD_LIBRARIES = YES;
				CLANG_ENABLE_MODULES = YES;
				CODE_SIGN_IDENTITY = "";
				CODE_SIGN_STYLE = Automatic;
				COMBINE_HIDPI_IMAGES = YES;
				DEFINES_MODULE = YES;
				DYLIB_COMPATIBILITY_VERSION = 1;
				DYLIB_CURRENT_VERSION = 1;
				DYLIB_INSTALL_NAME_BASE = "@rpath";
				FRAMEWORK_VERSION = A;
				GCC_INPUT_FILETYPE = automatic;
				INFOPLIST_FILE = pointee/Info.plist;
				INSTALL_PATH = "$(LOCAL_LIBRARY_DIR)/Frameworks";
				LD_RUNPATH_SEARCH_PATHS = (
					"$(inherited)",
					"@executable_path/../Frameworks",
					"@loader_path/Frameworks",
				);
				PRODUCT_BUNDLE_IDENTIFIER = com.zoecarver.pointee;
				PRODUCT_NAME = "$(TARGET_NAME:c99extidentifier)";
				SKIP_INSTALL = YES;
				SWIFT_INCLUDE_PATHS = "${SRCROOT}/";
				SWIFT_VERSION = 4.0;
			};
			name = Release;
		};
		C8681231212C8D5800DC7AC5 /* Debug */ = {
			isa = XCBuildConfiguration;
			buildSettings = {
				CODE_SIGN_STYLE = Automatic;
				LD_RUNPATH_SEARCH_PATHS = (
					"$(inherited)",
					"@executable_path/pointee.framework/Versions/Current/Frameworks",
				);
				PRODUCT_NAME = "$(TARGET_NAME)";
				SWIFT_VERSION = 4.0;
			};
			name = Debug;
		};
		C8681232212C8D5800DC7AC5 /* Release */ = {
			isa = XCBuildConfiguration;
			buildSettings = {
				CODE_SIGN_STYLE = Automatic;
				LD_RUNPATH_SEARCH_PATHS = (
					"$(inherited)",
					"@executable_path/pointee.framework/Versions/Current/Frameworks",
				);
				PRODUCT_NAME = "$(TARGET_NAME)";
				SWIFT_VERSION = 4.0;
			};
			name = Release;
		};
		C8AD2DFC212E39C7006CCC9B /* Debug */ = {
			isa = XCBuildConfiguration;
			buildSettings = {
				CODE_SIGN_IDENTITY = "iPhone Developer";
				CODE_SIGN_STYLE = Automatic;
				DEFINES_MODULE = YES;
				DYLIB_COMPATIBILITY_VERSION = 1;
				DYLIB_CURRENT_VERSION = 1;
				DYLIB_INSTALL_NAME_BASE = "@rpath";
				INFOPLIST_FILE = "pointee-ios/Info.plist";
				INSTALL_PATH = "$(LOCAL_LIBRARY_DIR)/Frameworks";
				IPHONEOS_DEPLOYMENT_TARGET = 11.4;
				LD_RUNPATH_SEARCH_PATHS = (
					"$(inherited)",
					"@executable_path/Frameworks",
					"@loader_path/Frameworks",
				);
				PRODUCT_BUNDLE_IDENTIFIER = "com.zoecarver.pointee-ios";
				PRODUCT_NAME = "$(TARGET_NAME:c99extidentifier)";
				SDKROOT = iphoneos;
				SKIP_INSTALL = YES;
				SWIFT_VERSION = 4.0;
				TARGETED_DEVICE_FAMILY = "1,2";
			};
			name = Debug;
		};
		C8AD2DFD212E39C7006CCC9B /* Release */ = {
			isa = XCBuildConfiguration;
			buildSettings = {
				CODE_SIGN_IDENTITY = "iPhone Developer";
				CODE_SIGN_STYLE = Automatic;
				DEFINES_MODULE = YES;
				DYLIB_COMPATIBILITY_VERSION = 1;
				DYLIB_CURRENT_VERSION = 1;
				DYLIB_INSTALL_NAME_BASE = "@rpath";
				INFOPLIST_FILE = "pointee-ios/Info.plist";
				INSTALL_PATH = "$(LOCAL_LIBRARY_DIR)/Frameworks";
				IPHONEOS_DEPLOYMENT_TARGET = 11.4;
				LD_RUNPATH_SEARCH_PATHS = (
					"$(inherited)",
					"@executable_path/Frameworks",
					"@loader_path/Frameworks",
				);
				PRODUCT_BUNDLE_IDENTIFIER = "com.zoecarver.pointee-ios";
				PRODUCT_NAME = "$(TARGET_NAME:c99extidentifier)";
				SDKROOT = iphoneos;
				SKIP_INSTALL = YES;
				SWIFT_VERSION = 4.0;
				TARGETED_DEVICE_FAMILY = "1,2";
				VALIDATE_PRODUCT = YES;
			};
			name = Release;
		};
/* End XCBuildConfiguration section */

/* Begin XCConfigurationList section */
		C8681215212C85D900DC7AC5 /* Build configuration list for PBXProject "pointee" */ = {
			isa = XCConfigurationList;
			buildConfigurations = (
				C8681221212C85D900DC7AC5 /* Debug */,
				C8681222212C85D900DC7AC5 /* Release */,
			);
			defaultConfigurationIsVisible = 0;
			defaultConfigurationName = Release;
		};
		C8681223212C85D900DC7AC5 /* Build configuration list for PBXNativeTarget "pointee" */ = {
			isa = XCConfigurationList;
			buildConfigurations = (
				C8681224212C85D900DC7AC5 /* Debug */,
				C8681225212C85D900DC7AC5 /* Release */,
			);
			defaultConfigurationIsVisible = 0;
			defaultConfigurationName = Release;
		};
		C8681230212C8D5800DC7AC5 /* Build configuration list for PBXNativeTarget "pointee-test" */ = {
			isa = XCConfigurationList;
			buildConfigurations = (
				C8681231212C8D5800DC7AC5 /* Debug */,
				C8681232212C8D5800DC7AC5 /* Release */,
			);
			defaultConfigurationIsVisible = 0;
			defaultConfigurationName = Release;
		};
		C8AD2DFB212E39C7006CCC9B /* Build configuration list for PBXNativeTarget "pointee-ios" */ = {
			isa = XCConfigurationList;
			buildConfigurations = (
				C8AD2DFC212E39C7006CCC9B /* Debug */,
				C8AD2DFD212E39C7006CCC9B /* Release */,
			);
			defaultConfigurationIsVisible = 0;
			defaultConfigurationName = Release;
		};
/* End XCConfigurationList section */
	};
	rootObject = C8681212212C85D900DC7AC5 /* Project object */;
}
